
Microsoft Visual Studio Solution File, Format Version 12.00
# Visual Studio Version 17
VisualStudioVersion = 17.0.32014.148
MinimumVisualStudioVersion = 10.0.40219.1
Project("{9A19103F-16F7-4668-BE54-9A1E7A4F7556}") = "TestSystem", "TestSystem.csproj", "{2D454BBB-48AB-4460-BE79-0AE366F23221}"
EndProject
Project("{FAE04EC0-301F-11D3-BF4B-00C04F79EFBC}") = "TestConstructor", "..\TestConstructor\TestConstructor.csproj", "{60C4C940-9A7C-4971-8471-17A19CCBDCB7}"
EndProject
Global
	GlobalSection(SolutionConfigurationPlatforms) = preSolution
		Debug|Any CPU = Debug|Any CPU
		Release|Any CPU = Release|Any CPU
	EndGlobalSection
	GlobalSection(ProjectConfigurationPlatforms) = postSolution
		{2D454BBB-48AB-4460-BE79-0AE366F23221}.Debug|Any CPU.ActiveCfg = Debug|Any CPU
		{2D454BBB-48AB-4460-BE79-0AE366F23221}.Debug|Any CPU.Build.0 = Debug|Any CPU
		{2D454BBB-48AB-4460-BE79-0AE366F23221}.Release|Any CPU.ActiveCfg = Release|Any CPU
		{2D454BBB-48AB-4460-BE79-0AE366F23221}.Release|Any CPU.Build.0 = Release|Any CPU
		{60C4C940-9A7C-4971-8471-17A19CCBDCB7}.Debug|Any CPU.ActiveCfg = Debug|Any CPU
		{60C4C940-9A7C-4971-8471-17A19CCBDCB7}.Debug|Any CPU.Build.0 = Debug|Any CPU
		{60C4C940-9A7C-4971-8471-17A19CCBDCB7}.Release|Any CPU.ActiveCfg = Release|Any CPU
		{60C4C940-9A7C-4971-8471-17A19CCBDCB7}.Release|Any CPU.Build.0 = Release|Any CPU
	EndGlobalSection
	GlobalSection(SolutionProperties) = preSolution
		HideSolutionNode = FALSE
	EndGlobalSection
	GlobalSection(ExtensibilityGlobals) = postSolution
		SolutionGuid = {137C406A-C830-490B-822A-E8AA6D607302}
	EndGlobalSection
EndGlobal
